
Microsoft Visual Studio Solution File, Format Version 12.00
# Visual Studio Version 17
VisualStudioVersion = 17.5.33424.131
MinimumVisualStudioVersion = 10.0.40219.1
Project("{FAE04EC0-301F-11D3-BF4B-00C04F79EFBC}") = "FaixaEtária", "FaixaEtária\FaixaEtária.csproj", "{60DFB2F8-6F08-4916-BF48-14D9E96BCEF6}"
EndProject
Global
	GlobalSection(SolutionConfigurationPlatforms) = preSolution
		Debug|Any CPU = Debug|Any CPU
		Release|Any CPU = Release|Any CPU
	EndGlobalSection
	GlobalSection(ProjectConfigurationPlatforms) = postSolution
		{60DFB2F8-6F08-4916-BF48-14D9E96BCEF6}.Debug|Any CPU.ActiveCfg = Debug|Any CPU
		{60DFB2F8-6F08-4916-BF48-14D9E96BCEF6}.Debug|Any CPU.Build.0 = Debug|Any CPU
		{60DFB2F8-6F08-4916-BF48-14D9E96BCEF6}.Release|Any CPU.ActiveCfg = Release|Any CPU
		{60DFB2F8-6F08-4916-BF48-14D9E96BCEF6}.Release|Any CPU.Build.0 = Release|Any CPU
	EndGlobalSection
	GlobalSection(SolutionProperties) = preSolution
		HideSolutionNode = FALSE
	EndGlobalSection
	GlobalSection(ExtensibilityGlobals) = postSolution
		SolutionGuid = {84CA0C52-29E3-43B2-8825-33960595F206}
	EndGlobalSection
EndGlobal
